Microsoft Visual Studio Solution File, Format Version 12.00
# Visual Studio 2012
Project("{FAE04EC0-301F-11D3-BF4B-00C04F79EFBC}") = "Voxel Sandbox", "Voxel Sandbox.csproj", "{4283A9A9-3622-4F16-B3A8-2390D6325B1A}"
EndProject
Global
	GlobalSection(SolutionConfigurationPlatforms) = preSolution
	Debug|Any CPU = Debug|Any CPU
	ExportDebug|Any CPU = ExportDebug|Any CPU
	ExportRelease|Any CPU = ExportRelease|Any CPU
	EndGlobalSection
	GlobalSection(ProjectConfigurationPlatforms) = postSolution
		{4283A9A9-3622-4F16-B3A8-2390D6325B1A}.Debug|Any CPU.ActiveCfg = Debug|Any CPU
		{4283A9A9-3622-4F16-B3A8-2390D6325B1A}.Debug|Any CPU.Build.0 = Debug|Any CPU
		{4283A9A9-3622-4F16-B3A8-2390D6325B1A}.ExportDebug|Any CPU.ActiveCfg = ExportDebug|Any CPU
		{4283A9A9-3622-4F16-B3A8-2390D6325B1A}.ExportDebug|Any CPU.Build.0 = ExportDebug|Any CPU
		{4283A9A9-3622-4F16-B3A8-2390D6325B1A}.ExportRelease|Any CPU.ActiveCfg = ExportRelease|Any CPU
		{4283A9A9-3622-4F16-B3A8-2390D6325B1A}.ExportRelease|Any CPU.Build.0 = ExportRelease|Any CPU
	EndGlobalSection
EndGlobal
